
Microsoft Visual Studio Solution File, Format Version 12.00
# Visual Studio Version 17
VisualStudioVersion = 17.2.32526.322
MinimumVisualStudioVersion = 10.0.40219.1
Project("{FAE04EC0-301F-11D3-BF4B-00C04F79EFBC}") = "RadzonBlazorFirstLook.Server", "RadzonBlazorFirstLook\Server\RadzonBlazorFirstLook.Server.csproj", "{E5C40656-C36D-4047-AFFE-6312A617143F}"
EndProject
Project("{FAE04EC0-301F-11D3-BF4B-00C04F79EFBC}") = "RadzonBlazorFirstLook.Client", "RadzonBlazorFirstLook\Client\RadzonBlazorFirstLook.Client.csproj", "{BCAA3A2C-1076-45EA-83F1-657C26D1F71B}"
EndProject
Project("{FAE04EC0-301F-11D3-BF4B-00C04F79EFBC}") = "RadzonBlazorFirstLook.Shared", "RadzonBlazorFirstLook\Shared\RadzonBlazorFirstLook.Shared.csproj", "{31938BBB-D5E3-4E6E-BD6F-510916A5F0C9}"
EndProject
Global
	GlobalSection(SolutionConfigurationPlatforms) = preSolution
		Debug|Any CPU = Debug|Any CPU
		Release|Any CPU = Release|Any CPU
	EndGlobalSection
	GlobalSection(ProjectConfigurationPlatforms) = postSolution
		{E5C40656-C36D-4047-AFFE-6312A617143F}.Debug|Any CPU.ActiveCfg = Debug|Any CPU
		{E5C40656-C36D-4047-AFFE-6312A617143F}.Debug|Any CPU.Build.0 = Debug|Any CPU
		{E5C40656-C36D-4047-AFFE-6312A617143F}.Release|Any CPU.ActiveCfg = Release|Any CPU
		{E5C40656-C36D-4047-AFFE-6312A617143F}.Release|Any CPU.Build.0 = Release|Any CPU
		{BCAA3A2C-1076-45EA-83F1-657C26D1F71B}.Debug|Any CPU.ActiveCfg = Debug|Any CPU
		{BCAA3A2C-1076-45EA-83F1-657C26D1F71B}.Debug|Any CPU.Build.0 = Debug|Any CPU
		{BCAA3A2C-1076-45EA-83F1-657C26D1F71B}.Release|Any CPU.ActiveCfg = Release|Any CPU
		{BCAA3A2C-1076-45EA-83F1-657C26D1F71B}.Release|Any CPU.Build.0 = Release|Any CPU
		{31938BBB-D5E3-4E6E-BD6F-510916A5F0C9}.Debug|Any CPU.ActiveCfg = Debug|Any CPU
		{31938BBB-D5E3-4E6E-BD6F-510916A5F0C9}.Debug|Any CPU.Build.0 = Debug|Any CPU
		{31938BBB-D5E3-4E6E-BD6F-510916A5F0C9}.Release|Any CPU.ActiveCfg = Release|Any CPU
		{31938BBB-D5E3-4E6E-BD6F-510916A5F0C9}.Release|Any CPU.Build.0 = Release|Any CPU
	EndGlobalSection
	GlobalSection(SolutionProperties) = preSolution
		HideSolutionNode = FALSE
	EndGlobalSection
	GlobalSection(ExtensibilityGlobals) = postSolution
		SolutionGuid = {F4CCC6C4-08C9-4F25-A81B-BFCFA00347F0}
	EndGlobalSection
EndGlobal
